
Microsoft Visual Studio Solution File, Format Version 12.00
# Visual Studio Version 16
VisualStudioVersion = 16.0.31515.178
MinimumVisualStudioVersion = 10.0.40219.1
Project("{FAE04EC0-301F-11D3-BF4B-00C04F79EFBC}") = "Project T", "Project T\Project T.csproj", "{83A80430-E65F-4D6E-8C9B-09C8C925BB85}"
EndProject
Project("{FAE04EC0-301F-11D3-BF4B-00C04F79EFBC}") = "Fotocamera", "Fotocamera\Fotocamera.csproj", "{7EEE47B0-F6BC-4AC8-87C2-E292F6071EBC}"
EndProject
Global
	GlobalSection(SolutionConfigurationPlatforms) = preSolution
		Debug|Any CPU = Debug|Any CPU
		Release|Any CPU = Release|Any CPU
	EndGlobalSection
	GlobalSection(ProjectConfigurationPlatforms) = postSolution
		{83A80430-E65F-4D6E-8C9B-09C8C925BB85}.Debug|Any CPU.ActiveCfg = Debug|Any CPU
		{83A80430-E65F-4D6E-8C9B-09C8C925BB85}.Debug|Any CPU.Build.0 = Debug|Any CPU
		{83A80430-E65F-4D6E-8C9B-09C8C925BB85}.Release|Any CPU.ActiveCfg = Release|Any CPU
		{83A80430-E65F-4D6E-8C9B-09C8C925BB85}.Release|Any CPU.Build.0 = Release|Any CPU
		{7EEE47B0-F6BC-4AC8-87C2-E292F6071EBC}.Debug|Any CPU.ActiveCfg = Debug|Any CPU
		{7EEE47B0-F6BC-4AC8-87C2-E292F6071EBC}.Debug|Any CPU.Build.0 = Debug|Any CPU
		{7EEE47B0-F6BC-4AC8-87C2-E292F6071EBC}.Release|Any CPU.ActiveCfg = Release|Any CPU
		{7EEE47B0-F6BC-4AC8-87C2-E292F6071EBC}.Release|Any CPU.Build.0 = Release|Any CPU
	EndGlobalSection
	GlobalSection(SolutionProperties) = preSolution
		HideSolutionNode = FALSE
	EndGlobalSection
	GlobalSection(ExtensibilityGlobals) = postSolution
		SolutionGuid = {8611066D-B3DC-4DC2-BD94-87AF05E3487A}
	EndGlobalSection
EndGlobal
